<?xml version="1.0" encoding="utf-8"?>
<Project ToolsVersion="4.0" xmlns="http://schemas.microsoft.com/developer/msbuild/2003">
  <ItemGroup>
    <Filter Include="소스 파일">
      <UniqueIdentifier>{4FC737F1-C7A5-4376-A066-2A32D752A2FF}</UniqueIdentifier>
      <Extensions>cpp;c;cc;cxx;def;odl;idl;hpj;bat;asm;asmx</Extensions>
    </Filter>
    <Filter Include="리소스 파일">
      <UniqueIdentifier>{67DA6AB6-F800-4c08-8B7A-83BB121AAD01}</UniqueIdentifier>
      <Extensions>rc;ico;cur;bmp;dlg;rc2;rct;bin;rgs;gif;jpg;jpeg;jpe;resx;tiff;tif;png;wav;mfcribbon-ms</Extensions>
    </Filter>
    <Filter Include="BehaviorTree">
      <UniqueIdentifier>{2709ad35-9cdc-40bf-83e5-8e35adf7aff2}</UniqueIdentifier>
    </Filter>
    <Filter Include="Factory">
      <UniqueIdentifier>{172be7e7-d6bd-48db-b6f2-9482d793ae3a}</UniqueIdentifier>
    </Filter>
  </ItemGroup>
  <ItemGroup>
    <ClInclude Include="stdafx.h">
      <Filter>소스 파일</Filter>
    </ClInclude>
    <ClInclude Include="targetver.h">
      <Filter>소스 파일</Filter>
    </ClInclude>
    <ClInclude Include="Factory\BaseBehaviorFactory.h">
      <Filter>Factory</Filter>
    </ClInclude>
    <ClInclude Include="BehaviorTree\ICondtionTask.h">
      <Filter>BehaviorTree</Filter>
    </ClInclude>
    <ClInclude Include="BehaviorTree\IActionTask.h">
      <Filter>BehaviorTree</Filter>
    </ClInclude>
    <ClInclude Include="BehaviorTree\TaskNode.h">
      <Filter>BehaviorTree</Filter>
    </ClInclude>
    <ClInclude Include="BehaviorTree\SelectTask.h">
      <Filter>BehaviorTree</Filter>
    </ClInclude>
    <ClInclude Include="BehaviorTree\SequenceTask.h">
      <Filter>BehaviorTree</Filter>
    </ClInclude>
    <ClInclude Include="Factory\BaseFactoryObject.h">
      <Filter>Factory</Filter>
    </ClInclude>
    <ClInclude Include="Factory\IFactoryObject.h">
      <Filter>Factory</Filter>
    </ClInclude>
    <ClInclude Include="Factory\IBehaviorFactory.h">
      <Filter>Factory</Filter>
    </ClInclude>
    <ClInclude Include="Factory\FactoryObjectManagement.h">
      <Filter>Factory</Filter>
    </ClInclude>
  </ItemGroup>
  <ItemGroup>
    <ClCompile Include="stdafx.cpp">
      <Filter>소스 파일</Filter>
    </ClCompile>
    <ClCompile Include="main.cpp">
      <Filter>소스 파일</Filter>
    </ClCompile>
    <ClCompile Include="Factory\BaseBehaviorFactory.cpp">
      <Filter>Factory</Filter>
    </ClCompile>
  </ItemGroup>
  <ItemGroup>
    <None Include="..\LICENSE">
      <Filter>소스 파일</Filter>
    </None>
  </ItemGroup>
  <ItemGroup>
    <Text Include="..\ReadMe.txt">
      <Filter>소스 파일</Filter>
    </Text>
  </ItemGroup>
</Project>